// !$*UTF8*$!
{
	archiveVersion = 1;
	classes = {
	};
	objectVersion = 48;
	objects = {

/* Begin PBXBuildFile section */
		5A0BF0C11FCC2A0A00AAC103 /* AppDelegate.swift in Sources */ = {isa = PBXBuildFile; fileRef = 5A0BF0C01FCC2A0A00AAC103 /* AppDelegate.swift */; };
		5A0BF0C31FCC2A0A00AAC103 /* ViewController.swift in Sources */ = {isa = PBXBuildFile; fileRef = 5A0BF0C21FCC2A0A00AAC103 /* ViewController.swift */; };
		5A0BF0C61FCC2A0A00AAC103 /* Main.storyboard in Resources */ = {isa = PBXBuildFile; fileRef = 5A0BF0C41FCC2A0A00AAC103 /* Main.storyboard */; };
		5A0BF0C81FCC2A0A00AAC103 /* Assets.xcassets in Resources */ = {isa = PBXBuildFile; fileRef = 5A0BF0C71FCC2A0A00AAC103 /* Assets.xcassets */; };
		5A0BF0CB1FCC2A0A00AAC103 /* LaunchScreen.storyboard in Resources */ = {isa = PBXBuildFile; fileRef = 5A0BF0C91FCC2A0A00AAC103 /* LaunchScreen.storyboard */; };
/* End PBXBuildFile section */

/* Begin PBXFileReference section */
		5A0BF0BD1FCC2A0A00AAC103 /* JM.app */ = {isa = PBXFileReference; explicitFileType = wrapper.application; includeInIndex = 0; path = JM.app; sourceTree = BUILT_PRODUCTS_DIR; };
		5A0BF0C01FCC2A0A00AAC103 /* AppDelegate.swift */ = {isa = PBXFileReference; lastKnownFileType = sourcecode.swift; path = AppDelegate.swift; sourceTree = "<group>"; };
		5A0BF0C21FCC2A0A00AAC103 /* ViewController.swift */ = {isa = PBXFileReference; lastKnownFileType = sourcecode.swift; path = ViewController.swift; sourceTree = "<group>"; };
		5A0BF0C51FCC2A0A00AAC103 /* Base */ = {isa = PBXFileReference; lastKnownFileType = file.storyboard; name = Base; path = Base.lproj/Main.storyboard; sourceTree = "<group>"; };
		5A0BF0C71FCC2A0A00AAC103 /* Assets.xcassets */ = {isa = PBXFileReference; lastKnownFileType = folder.assetcatalog; path = Assets.xcassets; sourceTree = "<group>"; };
		5A0BF0CA1FCC2A0A00AAC103 /* Base */ = {isa = PBXFileReference; lastKnownFileType = file.storyboard; name = Base; path = Base.lproj/LaunchScreen.storyboard; sourceTree = "<group>"; };
		5A0BF0CC1FCC2A0A00AAC103 /* Info.plist */ = {isa = PBXFileReference; lastKnownFileType = text.plist.xml; path = Info.plist; sourceTree = "<group>"; };
/* End PBXFileReference section */

/* Begin PBXFrameworksBuildPhase section */
		5A0BF0BA1FCC2A0A00AAC103 /* Frameworks */ = {
			isa = PBXFrameworksBuildPhase;
			buildActionMask = 2147483647;
			files = (
			);
			runOnlyForDeploymentPostprocessing = 0;
		};
/* End PBXFrameworksBuildPhase section */

/* Begin PBXGroup section */
		5A0BF0B41FCC2A0A00AAC103 = {
			isa = PBXGroup;
			children = (
				5A0BF0BF1FCC2A0A00AAC103 /* JM */,
				5A0BF0BE1FCC2A0A00AAC103 /* Products */,
			);
			sourceTree = "<group>";
		};
		5A0BF0BE1FCC2A0A00AAC103 /* Products */ = {
			isa = PBXGroup;
			children = (
				5A0BF0BD1FCC2A0A00AAC103 /* JM.app */,
			);
			name = Products;
			sourceTree = "<group>";
		};
		5A0BF0BF1FCC2A0A00AAC103 /* JM */ = {
			isa = PBXGroup;
			children = (
				5A0BF0C01FCC2A0A00AAC103 /* AppDelegate.swift */,
				5A0BF0C21FCC2A0A00AAC103 /* ViewController.swift */,
				5A0BF0C41FCC2A0A00AAC103 /* Main.storyboard */,
				5A0BF0C71FCC2A0A00AAC103 /* Assets.xcassets */,
				5A0BF0C91FCC2A0A00AAC103 /* LaunchScreen.storyboard */,
				5A0BF0CC1FCC2A0A00AAC103 /* Info.plist */,
			);
			path = JM;
			sourceTree = "<group>";
		};
/* End PBXGroup section */

/* Begin PBXNativeTarget section */
		5A0BF0BC1FCC2A0A00AAC103 /* JM */ = {
			isa = PBXNativeTarget;
			buildConfigurationList = 5A0BF0CF1FCC2A0A00AAC103 /* Build configuration list for PBXNativeTarget "JM" */;
			buildPhases = (
				5A0BF0B91FCC2A0A00AAC103 /* Sources */,
				5A0BF0BA1FCC2A0A00AAC103 /* Frameworks */,
				5A0BF0BB1FCC2A0A00AAC103 /* Resources */,
			);
			buildRules = (
			);
			dependencies = (
			);
			name = JM;
			productName = JM;
			productReference = 5A0BF0BD1FCC2A0A00AAC103 /* JM.app */;
			productType = "com.apple.product-type.application";
		};
/* End PBXNativeTarget section */

/* Begin PBXProject section */
		5A0BF0B51FCC2A0A00AAC103 /* Project object */ = {
			isa = PBXProject;
			attributes = {
				LastSwiftUpdateCheck = 0900;
				LastUpgradeCheck = 0900;
				ORGANIZATIONNAME = "Thota, Surendra Babu";
				TargetAttributes = {
					5A0BF0BC1FCC2A0A00AAC103 = {
						CreatedOnToolsVersion = 9.0.1;
						ProvisioningStyle = Automatic;
					};
				};
			};
			buildConfigurationList = 5A0BF0B81FCC2A0A00AAC103 /* Build configuration list for PBXProject "JM" */;
			compatibilityVersion = "Xcode 8.0";
			developmentRegion = en;
			hasScannedForEncodings = 0;
			knownRegions = (
				en,
				Base,
			);
			mainGroup = 5A0BF0B41FCC2A0A00AAC103;
			productRefGroup = 5A0BF0BE1FCC2A0A00AAC103 /* Products */;
			projectDirPath = "";
			projectRoot = "";
			targets = (
				5A0BF0BC1FCC2A0A00AAC103 /* JM */,
			);
		};
/* End PBXProject section */

/* Begin PBXResourcesBuildPhase section */
		5A0BF0BB1FCC2A0A00AAC103 /* Resources */ = {
			isa = PBXResourcesBuildPhase;
			buildActionMask = 2147483647;
			files = (
				5A0BF0CB1FCC2A0A00AAC103 /* LaunchScreen.storyboard in Resources */,
				5A0BF0C81FCC2A0A00AAC103 /* Assets.xcassets in Resources */,
				5A0BF0C61FCC2A0A00AAC103 /* Main.storyboard in Resources */,
			);
			runOnlyForDeploymentPostprocessing = 0;
		};
/* End PBXResourcesBuildPhase section */

/* Begin PBXSourcesBuildPhase section */
		5A0BF0B91FCC2A0A00AAC103 /* Sources */ = {
			isa = PBXSourcesBuildPhase;
			buildActionMask = 2147483647;
			files = (
				5A0BF0C31FCC2A0A00AAC103 /* ViewController.swift in Sources */,
				5A0BF0C11FCC2A0A00AAC103 /* AppDelegate.swift in Sources */,
			);
			runOnlyForDeploymentPostprocessing = 0;
		};
/* End PBXSourcesBuildPhase section */

/* Begin PBXVariantGroup section */
		5A0BF0C41FCC2A0A00AAC103 /* Main.storyboard */ = {
			isa = PBXVariantGroup;
			children = (
				5A0BF0C51FCC2A0A00AAC103 /* Base */,
			);
			name = Main.storyboard;
			sourceTree = "<group>";
		};
		5A0BF0C91FCC2A0A00AAC103 /* LaunchScreen.storyboard */ = {
			isa = PBXVariantGroup;
			children = (
				5A0BF0CA1FCC2A0A00AAC103 /* Base */,
			);
			name = LaunchScreen.storyboard;
			sourceTree = "<group>";
		};
/* End PBXVariantGroup section */

/* Begin XCBuildConfiguration section */
		5A0BF0CD1FCC2A0A00AAC103 /* Debug */ = {
			isa = XCBuildConfiguration;
			buildSettings = {
				ALWAYS_SEARCH_USER_PATHS = NO;
				CLANG_ANALYZER_NONNULL = YES;
				CLANG_ANALYZER_NUMBER_OBJECT_CONVERSION = YES_AGGRESSIVE;
				CLANG_CXX_LANGUAGE_STANDARD = "gnu++14";
				CLANG_CXX_LIBRARY = "libc++";
				CLANG_ENABLE_MODULES = YES;
				CLANG_ENABLE_OBJC_ARC = YES;
				CLANG_WARN_BLOCK_CAPTURE_AUTORELEASING = YES;
				CLANG_WARN_BOOL_CONVERSION = YES;
				CLANG_WARN_COMMA = YES;
				CLANG_WARN_CONSTANT_CONVERSION = YES;
				CLANG_WARN_DIRECT_OBJC_ISA_USAGE = YES_ERROR;
				CLANG_WARN_DOCUMENTATION_COMMENTS = YES;
				CLANG_WARN_EMPTY_BODY = YES;
				CLANG_WARN_ENUM_CONVERSION = YES;
				CLANG_WARN_INFINITE_RECURSION = YES;
				CLANG_WARN_INT_CONVERSION = YES;
				CLANG_WARN_NON_LITERAL_NULL_CONVERSION = YES;
				CLANG_WARN_OBJC_LITERAL_CONVERSION = YES;
				CLANG_WARN_OBJC_ROOT_CLASS = YES_ERROR;
				CLANG_WARN_RANGE_LOOP_ANALYSIS = YES;
				CLANG_WARN_STRICT_PROTOTYPES = YES;
				CLANG_WARN_SUSPICIOUS_MOVE = YES;
				CLANG_WARN_UNGUARDED_AVAILABILITY = YES_AGGRESSIVE;
				CLANG_WARN_UNREACHABLE_CODE = YES;
				CLANG_WARN__DUPLICATE_METHOD_MATCH = YES;
				CODE_SIGN_IDENTITY = "iPhone Developer";
				COPY_PHASE_STRIP = NO;
				DEBUG_INFORMATION_FORMAT = dwarf;
				ENABLE_STRICT_OBJC_MSGSEND = YES;
				ENABLE_TESTABILITY = YES;
				GCC_C_LANGUAGE_STANDARD = gnu11;
				GCC_DYNAMIC_NO_PIC = NO;
				GCC_NO_COMMON_BLOCKS = YES;
				GCC_OPTIMIZATION_LEVEL = 0;
				GCC_PREPROCESSOR_DEFINITIONS = (
					"DEBUG=1",
					"$(inherited)",
				);
				GCC_WARN_64_TO_32_BIT_CONVERSION = YES;
				GCC_WARN_ABOUT_RETURN_TYPE = YES_ERROR;
				GCC_WARN_UNDECLARED_SELECTOR = YES;
				GCC_WARN_UNINITIALIZED_AUTOS = YES_AGGRESSIVE;
				GCC_WARN_UNUSED_FUNCTION = YES;
				GCC_WARN_UNUSED_VARIABLE = YES;
				IPHONEOS_DEPLOYMENT_TARGET = 11.0;
				MTL_ENABLE_DEBUG_INFO = YES;
				ONLY_ACTIVE_ARCH = YES;
				SDKROOT = iphoneos;
				SWIFT_ACTIVE_COMPILATION_CONDITIONS = DEBUG;
				SWIFT_OPTIMIZATION_LEVEL = "-Onone";
			};
			name = Debug;
		};
		5A0BF0CE1FCC2A0A00AAC103 /* Release */ = {
			isa = XCBuildConfiguration;
			buildSettings = {
				ALWAYS_SEARCH_USER_PATHS = NO;
				CLANG_ANALYZER_NONNULL = YES;
				CLANG_ANALYZER_NUMBER_OBJECT_CONVERSION = YES_AGGRESSIVE;
				CLANG_CXX_LANGUAGE_STANDARD = "gnu++14";
				CLANG_CXX_LIBRARY = "libc++";
				CLANG_ENABLE_MODULES = YES;
				CLANG_ENABLE_OBJC_ARC = YES;
				CLANG_WARN_BLOCK_CAPTURE_AUTORELEASING = YES;
				CLANG_WARN_BOOL_CONVERSION = YES;
				CLANG_WARN_COMMA = YES;
				CLANG_WARN_CONSTANT_CONVERSION = YES;
				CLANG_WARN_DIRECT_OBJC_ISA_USAGE = YES_ERROR;
				CLANG_WARN_DOCUMENTATION_COMMENTS = YES;
				CLANG_WARN_EMPTY_BODY = YES;
				CLANG_WARN_ENUM_CONVERSION = YES;
				CLANG_WARN_INFINITE_RECURSION = YES;
				CLANG_WARN_INT_CONVERSION = YES;
				CLANG_WARN_NON_LITERAL_NULL_CONVERSION = YES;
				CLANG_WARN_OBJC_LITERAL_CONVERSION = YES;
				CLANG_WARN_OBJC_ROOT_CLASS = YES_ERROR;
				CLANG_WARN_RANGE_LOOP_ANALYSIS = YES;
				CLANG_WARN_STRICT_PROTOTYPES = YES;
				CLANG_WARN_SUSPICIOUS_MOVE = YES;
				CLANG_WARN_UNGUARDED_AVAILABILITY = YES_AGGRESSIVE;
				CLANG_WARN_UNREACHABLE_CODE = YES;
				CLANG_WARN__DUPLICATE_METHOD_MATCH = YES;
				CODE_SIGN_IDENTITY = "iPhone Developer";
				COPY_PHASE_STRIP = NO;
				DEBUG_INFORMATION_FORMAT = "dwarf-with-dsym";
				ENABLE_NS_ASSERTIONS = NO;
				ENABLE_STRICT_OBJC_MSGSEND = YES;
				GCC_C_LANGUAGE_STANDARD = gnu11;
				GCC_NO_COMMON_BLOCKS = YES;
				GCC_WARN_64_TO_32_BIT_CONVERSION = YES;
				GCC_WARN_ABOUT_RETURN_TYPE = YES_ERROR;
				GCC_WARN_UNDECLARED_SELECTOR = YES;
				GCC_WARN_UNINITIALIZED_AUTOS = YES_AGGRESSIVE;
				GCC_WARN_UNUSED_FUNCTION = YES;
				GCC_WARN_UNUSED_VARIABLE = YES;
				IPHONEOS_DEPLOYMENT_TARGET = 11.0;
				MTL_ENABLE_DEBUG_INFO = NO;
				SDKROOT = iphoneos;
				SWIFT_OPTIMIZATION_LEVEL = "-Owholemodule";
				VALIDATE_PRODUCT = YES;
			};
			name = Release;
		};
		5A0BF0D01FCC2A0A00AAC103 /* Debug */ = {
			isa = XCBuildConfiguration;
			buildSettings = {
				ASSETCATALOG_COMPILER_APPICON_NAME = AppIcon;
				CODE_SIGN_STYLE = Automatic;
				DEVELOPMENT_TEAM = PXJ934633Z;
				INFOPLIST_FILE = JM/Info.plist;
				LD_RUNPATH_SEARCH_PATHS = "$(inherited) @executable_path/Frameworks";
				PRODUCT_BUNDLE_IDENTIFIER = com.buddysuri.app.jm.JM;
				PRODUCT_NAME = "$(TARGET_NAME)";
				SWIFT_VERSION = 4.0;
				TARGETED_DEVICE_FAMILY = "1,2";
			};
			name = Debug;
		};
		5A0BF0D11FCC2A0A00AAC103 /* Release */ = {
			isa = XCBuildConfiguration;
			buildSettings = {
				ASSETCATALOG_COMPILER_APPICON_NAME = AppIcon;
				CODE_SIGN_STYLE = Automatic;
				DEVELOPMENT_TEAM = PXJ934633Z;
				INFOPLIST_FILE = JM/Info.plist;
				LD_RUNPATH_SEARCH_PATHS = "$(inherited) @executable_path/Frameworks";
				PRODUCT_BUNDLE_IDENTIFIER = com.buddysuri.app.jm.JM;
				PRODUCT_NAME = "$(TARGET_NAME)";
				SWIFT_VERSION = 4.0;
				TARGETED_DEVICE_FAMILY = "1,2";
			};
			name = Release;
		};
/* End XCBuildConfiguration section */

/* Begin XCConfigurationList section */
		5A0BF0B81FCC2A0A00AAC103 /* Build configuration list for PBXProject "JM" */ = {
			isa = XCConfigurationList;
			buildConfigurations = (
				5A0BF0CD1FCC2A0A00AAC103 /* Debug */,
				5A0BF0CE1FCC2A0A00AAC103 /* Release */,
			);
			defaultConfigurationIsVisible = 0;
			defaultConfigurationName = Release;
		};
		5A0BF0CF1FCC2A0A00AAC103 /* Build configuration list for PBXNativeTarget "JM" */ = {
			isa = XCConfigurationList;
			buildConfigurations = (
				5A0BF0D01FCC2A0A00AAC103 /* Debug */,
				5A0BF0D11FCC2A0A00AAC103 /* Release */,
			);
			defaultConfigurationIsVisible = 0;
			defaultConfigurationName = Release;
		};
/* End XCConfigurationList section */
	};
	rootObject = 5A0BF0B51FCC2A0A00AAC103 /* Project object */;
}
